
Microsoft Visual Studio Solution File, Format Version 12.00
# Visual Studio Version 17
VisualStudioVersion = 17.1.32210.238
MinimumVisualStudioVersion = 10.0.40219.1
Project("{9A19103F-16F7-4668-BE54-9A1E7A4F7556}") = "Bll.Domain", "Bll.Domain\Bll.Domain.csproj", "{A2F40071-9955-4AB9-9C6E-6BB2B34BC580}"
EndProject
Project("{9A19103F-16F7-4668-BE54-9A1E7A4F7556}") = "Api", "Api\Api.csproj", "{454394BA-843E-47C5-A8A1-358D5629EEFC}"
EndProject
Global
	GlobalSection(SolutionConfigurationPlatforms) = preSolution
		Debug|Any CPU = Debug|Any CPU
		Release|Any CPU = Release|Any CPU
	EndGlobalSection
	GlobalSection(ProjectConfigurationPlatforms) = postSolution
		{A2F40071-9955-4AB9-9C6E-6BB2B34BC580}.Debug|Any CPU.ActiveCfg = Debug|Any CPU
		{A2F40071-9955-4AB9-9C6E-6BB2B34BC580}.Debug|Any CPU.Build.0 = Debug|Any CPU
		{A2F40071-9955-4AB9-9C6E-6BB2B34BC580}.Release|Any CPU.ActiveCfg = Release|Any CPU
		{A2F40071-9955-4AB9-9C6E-6BB2B34BC580}.Release|Any CPU.Build.0 = Release|Any CPU
		{454394BA-843E-47C5-A8A1-358D5629EEFC}.Debug|Any CPU.ActiveCfg = Debug|Any CPU
		{454394BA-843E-47C5-A8A1-358D5629EEFC}.Debug|Any CPU.Build.0 = Debug|Any CPU
		{454394BA-843E-47C5-A8A1-358D5629EEFC}.Release|Any CPU.ActiveCfg = Release|Any CPU
		{454394BA-843E-47C5-A8A1-358D5629EEFC}.Release|Any CPU.Build.0 = Release|Any CPU
	EndGlobalSection
	GlobalSection(SolutionProperties) = preSolution
		HideSolutionNode = FALSE
	EndGlobalSection
	GlobalSection(ExtensibilityGlobals) = postSolution
		SolutionGuid = {AB0BCC97-2FF8-4412-851D-D6641B2BFF2A}
	EndGlobalSection
EndGlobal
